{
  "name": "example",
  "version": "1.0.0",
  "lockfileVersion": 1,
  "requires": true,
  "dependencies": {
    "micjs": {
      "version": "1.0.0",
      "resolved": "https://registry.npmjs.org/micjs/-/micjs-1.0.0.tgz",
      "integrity": "sha512-+g1PQBTeU793sxDTNzTi9DNiPCb5VrGcqiqTqSOyjY5d2OSM3DP8N8dk2E9nssHKEigF5sF5ZbGWlCJNaoCJrA=="
    }
  }
}
